
Microsoft Visual Studio Solution File, Format Version 12.00
# Visual Studio Version 17
VisualStudioVersion = 17.2.32526.322
MinimumVisualStudioVersion = 10.0.40219.1
Project("{FAE04EC0-301F-11D3-BF4B-00C04F79EFBC}") = "iCar System", "iCar System\iCar System.csproj", "{E0DA16B2-13A8-478C-8314-09A39318DD6B}"
EndProject
Global
	GlobalSection(SolutionConfigurationPlatforms) = preSolution
		Debug|Any CPU = Debug|Any CPU
		Release|Any CPU = Release|Any CPU
	EndGlobalSection
	GlobalSection(ProjectConfigurationPlatforms) = postSolution
		{E0DA16B2-13A8-478C-8314-09A39318DD6B}.Debug|Any CPU.ActiveCfg = Debug|Any CPU
		{E0DA16B2-13A8-478C-8314-09A39318DD6B}.Debug|Any CPU.Build.0 = Debug|Any CPU
		{E0DA16B2-13A8-478C-8314-09A39318DD6B}.Release|Any CPU.ActiveCfg = Release|Any CPU
		{E0DA16B2-13A8-478C-8314-09A39318DD6B}.Release|Any CPU.Build.0 = Release|Any CPU
	EndGlobalSection
	GlobalSection(SolutionProperties) = preSolution
		HideSolutionNode = FALSE
	EndGlobalSection
	GlobalSection(ExtensibilityGlobals) = postSolution
		SolutionGuid = {75E23AD7-C832-4096-9A25-A0C532D4628D}
	EndGlobalSection
EndGlobal
